# THIS IS AN AUTOGENERATED FILE. DO NOT EDIT THIS FILE DIRECTLY.
# yarn lockfile v1


"@types/firefox-webext-browser@^94.0.1":
  version "94.0.1"
  resolved "https://registry.yarnpkg.com/@types/firefox-webext-browser/-/firefox-webext-browser-94.0.1.tgz#52afb975253dc0fd350d5d58c7fe9fd1a01f64a1"
  integrity sha512-I6iHRQJSTZ+gYt2IxdH2RRAMvcUyK8v5Ig7fHQR0IwUNYP7hz9+cziBVIKxLCO6XI7fiyRsNOWObfl3/4Js2Lg==
